
Microsoft Visual Studio Solution File, Format Version 12.00
# Visual Studio Version 16
VisualStudioVersion = 16.0.29613.14
MinimumVisualStudioVersion = 10.0.40219.1
Project("{FAE04EC0-301F-11D3-BF4B-00C04F79EFBC}") = "E621Downloader", "E621Downloader.csproj", "{BA9C7728-C46B-468C-B8C4-DBD5B876197D}"
EndProject
Global
	GlobalSection(SolutionConfigurationPlatforms) = preSolution
		Debug|ARM = Debug|ARM
		Debug|ARM64 = Debug|ARM64
		Debug|x64 = Debug|x64
		Debug|x86 = Debug|x86
		Release|ARM = Release|ARM
		Release|ARM64 = Release|ARM64
		Release|x64 = Release|x64
		Release|x86 = Release|x86
	EndGlobalSection
	GlobalSection(ProjectConfigurationPlatforms) = postSolution
		{BA9C7728-C46B-468C-B8C4-DBD5B876197D}.Debug|ARM.ActiveCfg = Debug|ARM
		{BA9C7728-C46B-468C-B8C4-DBD5B876197D}.Debug|ARM.Build.0 = Debug|ARM
		{BA9C7728-C46B-468C-B8C4-DBD5B876197D}.Debug|ARM.Deploy.0 = Debug|ARM
		{BA9C7728-C46B-468C-B8C4-DBD5B876197D}.Debug|ARM64.ActiveCfg = Debug|ARM64
		{BA9C7728-C46B-468C-B8C4-DBD5B876197D}.Debug|ARM64.Build.0 = Debug|ARM64
		{BA9C7728-C46B-468C-B8C4-DBD5B876197D}.Debug|ARM64.Deploy.0 = Debug|ARM64
		{BA9C7728-C46B-468C-B8C4-DBD5B876197D}.Debug|x64.ActiveCfg = Debug|x64
		{BA9C7728-C46B-468C-B8C4-DBD5B876197D}.Debug|x64.Build.0 = Debug|x64
		{BA9C7728-C46B-468C-B8C4-DBD5B876197D}.Debug|x64.Deploy.0 = Debug|x64
		{BA9C7728-C46B-468C-B8C4-DBD5B876197D}.Debug|x86.ActiveCfg = Debug|x86
		{BA9C7728-C46B-468C-B8C4-DBD5B876197D}.Debug|x86.Build.0 = Debug|x86
		{BA9C7728-C46B-468C-B8C4-DBD5B876197D}.Debug|x86.Deploy.0 = Debug|x86
		{BA9C7728-C46B-468C-B8C4-DBD5B876197D}.Release|ARM.ActiveCfg = Release|ARM
		{BA9C7728-C46B-468C-B8C4-DBD5B876197D}.Release|ARM.Build.0 = Release|ARM
		{BA9C7728-C46B-468C-B8C4-DBD5B876197D}.Release|ARM.Deploy.0 = Release|ARM
		{BA9C7728-C46B-468C-B8C4-DBD5B876197D}.Release|ARM64.ActiveCfg = Release|ARM64
		{BA9C7728-C46B-468C-B8C4-DBD5B876197D}.Release|ARM64.Build.0 = Release|ARM64
		{BA9C7728-C46B-468C-B8C4-DBD5B876197D}.Release|ARM64.Deploy.0 = Release|ARM64
		{BA9C7728-C46B-468C-B8C4-DBD5B876197D}.Release|x64.ActiveCfg = Release|x64
		{BA9C7728-C46B-468C-B8C4-DBD5B876197D}.Release|x64.Build.0 = Release|x64
		{BA9C7728-C46B-468C-B8C4-DBD5B876197D}.Release|x64.Deploy.0 = Release|x64
		{BA9C7728-C46B-468C-B8C4-DBD5B876197D}.Release|x86.ActiveCfg = Release|x86
		{BA9C7728-C46B-468C-B8C4-DBD5B876197D}.Release|x86.Build.0 = Release|x86
		{BA9C7728-C46B-468C-B8C4-DBD5B876197D}.Release|x86.Deploy.0 = Release|x86
	EndGlobalSection
	GlobalSection(SolutionProperties) = preSolution
		HideSolutionNode = FALSE
	EndGlobalSection
	GlobalSection(ExtensibilityGlobals) = postSolution
		SolutionGuid = {0640520E-E859-4ED1-9A6C-D612775C8F5B}
	EndGlobalSection
EndGlobal
